
Microsoft Visual Studio Solution File, Format Version 12.00
# Visual Studio Version 17
VisualStudioVersion = 17.0.31903.59
MinimumVisualStudioVersion = 10.0.40219.1
Project("{2150E333-8FDC-42A3-9474-1A3956D46DE8}") = "src", "src", "{CA024A85-61CD-4B4D-8FBD-850D98173DBC}"
EndProject
Project("{2150E333-8FDC-42A3-9474-1A3956D46DE8}") = "samples", "samples", "{CB3D421C-797F-400E-BF1E-713D7646A547}"
EndProject
Project("{2150E333-8FDC-42A3-9474-1A3956D46DE8}") = "docs", "docs", "{9C47A3D0-AA3A-4128-ABC1-00F3DB514AF0}"
	ProjectSection(SolutionItems) = preProject
		docs\todo.md = docs\todo.md
	EndProjectSection
EndProject
Project("{2150E333-8FDC-42A3-9474-1A3956D46DE8}") = "tests", "tests", "{82E5A090-89F1-4B9F-9670-0A8E8D514EB7}"
EndProject
Project("{FAE04EC0-301F-11D3-BF4B-00C04F79EFBC}") = "iMaxSys.Max", "src\iMaxSys.Max\iMaxSys.Max.csproj", "{A6C324E1-6D80-4094-97B2-2356860E5C35}"
EndProject
Project("{FAE04EC0-301F-11D3-BF4B-00C04F79EFBC}") = "iMaxSys.Logging", "src\iMaxSys.Logging\iMaxSys.Logging.csproj", "{9E1806F6-17E6-47A5-8914-01CAAB4C13C9}"
EndProject
Project("{FAE04EC0-301F-11D3-BF4B-00C04F79EFBC}") = "iMaxSys.Pay", "src\iMaxSys.Pay\iMaxSys.Pay.csproj", "{F10E3727-B388-47C8-A5A9-7AFA73ACBBB8}"
EndProject
Project("{FAE04EC0-301F-11D3-BF4B-00C04F79EFBC}") = "iMaxSys.Data", "src\iMaxSys.Data\iMaxSys.Data.csproj", "{47B46B9E-AFE0-4BC4-B52E-F2F9D75C68EE}"
EndProject
Project("{FAE04EC0-301F-11D3-BF4B-00C04F79EFBC}") = "iMaxSys.Sns", "src\iMaxSys.Sns\iMaxSys.Sns.csproj", "{11D0AB1C-6868-413D-8C8D-4272210F3F09}"
EndProject
Project("{FAE04EC0-301F-11D3-BF4B-00C04F79EFBC}") = "iMaxSys.Message", "src\iMaxSys.Message\iMaxSys.Message.csproj", "{6D42B12F-A7A9-4D39-9DD3-4C5CEDB5EAB5}"
EndProject
Project("{2150E333-8FDC-42A3-9474-1A3956D46DE8}") = "1.Presentation", "1.Presentation", "{6FA3A2E2-ADEA-4E0C-8F30-C4732B99EF8F}"
EndProject
Project("{2150E333-8FDC-42A3-9474-1A3956D46DE8}") = "2.Applications", "2.Applications", "{17315514-86D3-4967-AB3C-17AC87523D81}"
EndProject
Project("{2150E333-8FDC-42A3-9474-1A3956D46DE8}") = "3.Services", "3.Services", "{D2933E3E-87AF-432C-A8C3-D7A72D3D9538}"
EndProject
Project("{2150E333-8FDC-42A3-9474-1A3956D46DE8}") = "4.Infrastructure", "4.Infrastructure", "{09BE6205-4A1D-4F96-926C-6AA685B2F693}"
EndProject
Project("{2150E333-8FDC-42A3-9474-1A3956D46DE8}") = "解决方案项", "解决方案项", "{F5118223-4A13-4042-9A7A-5B1117ED5A26}"
	ProjectSection(SolutionItems) = preProject
		.editorconfig = .editorconfig
	EndProjectSection
EndProject
Project("{FAE04EC0-301F-11D3-BF4B-00C04F79EFBC}") = "iMaxSys.Identity", "src\iMaxSys.Identity\iMaxSys.Identity.csproj", "{5D75BCC6-4746-46C7-A362-11FDBFFCF4D4}"
EndProject
Project("{FAE04EC0-301F-11D3-BF4B-00C04F79EFBC}") = "iMaxSys.Caching", "src\iMaxSys.Caching\iMaxSys.Caching.csproj", "{0C0A61D9-C894-41E9-AFA6-CF46918B7D21}"
EndProject
Project("{FAE04EC0-301F-11D3-BF4B-00C04F79EFBC}") = "iMaxSys.Bus", "src\iMaxSys.Bus\iMaxSys.Bus.csproj", "{2F46D585-0698-4479-8C1C-A43AA99BF8BF}"
EndProject
Project("{FAE04EC0-301F-11D3-BF4B-00C04F79EFBC}") = "Kylin.Applications.Member", "samples\2.Applications\Kylin.Applications.Member\Kylin.Applications.Member.csproj", "{5775FEC2-2100-44CD-9C95-0B8C77492584}"
EndProject
Project("{FAE04EC0-301F-11D3-BF4B-00C04F79EFBC}") = "Kylin.Applications.Payment", "samples\2.Applications\Kylin.Applications.Payment\Kylin.Applications.Payment.csproj", "{F7AB078E-D979-4F1A-8AA3-EDEE37C8595F}"
EndProject
Project("{FAE04EC0-301F-11D3-BF4B-00C04F79EFBC}") = "Kylin.Applications.Message", "samples\2.Applications\Kylin.Applications.Message\Kylin.Applications.Message.csproj", "{683B37A5-839D-4F79-8679-05B905E2D1A8}"
EndProject
Project("{FAE04EC0-301F-11D3-BF4B-00C04F79EFBC}") = "Kylin.Applications.Staff", "samples\2.Applications\Kylin.Applications.Staff\Kylin.Applications.Staff.csproj", "{17411451-8C02-4EE9-A578-2EDD75D4E577}"
EndProject
Project("{FAE04EC0-301F-11D3-BF4B-00C04F79EFBC}") = "Kylin.Applications.Finance", "samples\2.Applications\Kylin.Applications.Finance\Kylin.Applications.Finance.csproj", "{5E5DACE2-BFF3-4CD8-ACF7-BC5AB1EAD000}"
EndProject
Project("{FAE04EC0-301F-11D3-BF4B-00C04F79EFBC}") = "Kylin.Applications.Admin", "samples\2.Applications\Kylin.Applications.Admin\Kylin.Applications.Admin.csproj", "{CAE5DFF4-908C-42CA-8DC7-58582F4290BF}"
EndProject
Project("{FAE04EC0-301F-11D3-BF4B-00C04F79EFBC}") = "Kylin.Api.Admin", "samples\1.Presentation\Kylin.Api.Admin\Kylin.Api.Admin.csproj", "{97192BA6-F79F-41A4-9A5C-2D61E784AAC7}"
EndProject
Project("{FAE04EC0-301F-11D3-BF4B-00C04F79EFBC}") = "Kylin.Services.Member", "samples\3.Services\Kylin.Services.Member\Kylin.Services.Member.csproj", "{73E024FA-0186-462D-B291-65099A10F40F}"
EndProject
Project("{FAE04EC0-301F-11D3-BF4B-00C04F79EFBC}") = "Kylin.Api.Client", "samples\1.Presentation\Kylin.Api.Client\Kylin.Api.Client.csproj", "{B45B5FC8-D348-4C8A-8AC2-B3D54E58A71D}"
EndProject
Project("{FAE04EC0-301F-11D3-BF4B-00C04F79EFBC}") = "Kylin.Api.Worker", "samples\1.Presentation\Kylin.Api.Worker\Kylin.Api.Worker.csproj", "{885A5481-9D9F-4D5B-A215-231320E629BA}"
EndProject
Project("{FAE04EC0-301F-11D3-BF4B-00C04F79EFBC}") = "Kylin.Services.Ordering", "samples\3.Services\Kylin.Services.Ordering\Kylin.Services.Ordering.csproj", "{7B7D7D81-BF38-49BA-8ED1-CBE629BD2D15}"
EndProject
Project("{FAE04EC0-301F-11D3-BF4B-00C04F79EFBC}") = "Kylin.Services.Course", "samples\3.Services\Kylin.Services.Course\Kylin.Services.Course.csproj", "{6132DC4A-9ECD-4CD6-B93A-F4106346D76B}"
EndProject
Project("{FAE04EC0-301F-11D3-BF4B-00C04F79EFBC}") = "Kylin.Services.Monitor", "samples\3.Services\Kylin.Services.Monitor\Kylin.Services.Monitor.csproj", "{3287D3D4-66DE-4D9A-A828-02CC2BFD9682}"
EndProject
Project("{FAE04EC0-301F-11D3-BF4B-00C04F79EFBC}") = "Kylin.Services.Auth", "samples\3.Services\Kylin.Services.Auth\Kylin.Services.Auth.csproj", "{8A234235-7179-4BB2-8916-4CB6BDF0B1C9}"
EndProject
Project("{FAE04EC0-301F-11D3-BF4B-00C04F79EFBC}") = "Kylin.Services.Message", "samples\3.Services\Kylin.Services.Message\Kylin.Services.Message.csproj", "{B9E3AFEF-F072-4CFE-9DD3-552C230739EB}"
EndProject
Project("{FAE04EC0-301F-11D3-BF4B-00C04F79EFBC}") = "Kylin.Services.Payment", "samples\3.Services\Kylin.Services.Payment\Kylin.Services.Payment.csproj", "{AC8AFFA7-D2C9-4239-8B2C-107D9F72E580}"
EndProject
Project("{FAE04EC0-301F-11D3-BF4B-00C04F79EFBC}") = "Kylin.Services.Finance", "samples\3.Services\Kylin.Services.Finance\Kylin.Services.Finance.csproj", "{C263CE72-9688-4BE2-BAA2-EBD2DFC7C638}"
EndProject
Project("{2150E333-8FDC-42A3-9474-1A3956D46DE8}") = "Data", "Data", "{ED2B7EAE-9F3D-45CB-932A-9F75895062E5}"
EndProject
Project("{2150E333-8FDC-42A3-9474-1A3956D46DE8}") = "Framework", "Framework", "{E2AB0109-23CC-4DE8-A972-D3C53D295A96}"
EndProject
Project("{FAE04EC0-301F-11D3-BF4B-00C04F79EFBC}") = "Kylin.Data.Models", "samples\4.Infrastructure\Data\Kylin.Data.Models\Kylin.Data.Models.csproj", "{15C572E8-3EFC-410A-8B78-0FDC45CFD47D}"
EndProject
Project("{FAE04EC0-301F-11D3-BF4B-00C04F79EFBC}") = "Kylin.Data.EFCore", "samples\4.Infrastructure\Data\Kylin.Data.EFCore\Kylin.Data.EFCore.csproj", "{C80C2A04-7C94-4A6A-81AD-08291D9AB441}"
EndProject
Project("{FAE04EC0-301F-11D3-BF4B-00C04F79EFBC}") = "Kylin.Framework", "samples\4.Infrastructure\Framework\Kylin.Framework\Kylin.Framework.csproj", "{0ACDCFB8-DF37-4C68-B5D3-83F92DE12C33}"
EndProject
Project("{FAE04EC0-301F-11D3-BF4B-00C04F79EFBC}") = "Kylin.Api.App", "samples\1.Presentation\Kylin.Api.App\Kylin.Api.App.csproj", "{BAA59FDC-4F03-4F66-BD59-C3B9D6DE3779}"
EndProject
Project("{FAE04EC0-301F-11D3-BF4B-00C04F79EFBC}") = "iMaxSys.Core", "src\iMaxSys.Core\iMaxSys.Core.csproj", "{4D4BAED7-A4AA-40B2-B6D1-67076B924EA0}"
EndProject
Global
	GlobalSection(SolutionConfigurationPlatforms) = preSolution
		Debug|Any CPU = Debug|Any CPU
		Release|Any CPU = Release|Any CPU
	EndGlobalSection
	GlobalSection(ProjectConfigurationPlatforms) = postSolution
		{A6C324E1-6D80-4094-97B2-2356860E5C35}.Debug|Any CPU.ActiveCfg = Debug|Any CPU
		{A6C324E1-6D80-4094-97B2-2356860E5C35}.Debug|Any CPU.Build.0 = Debug|Any CPU
		{A6C324E1-6D80-4094-97B2-2356860E5C35}.Release|Any CPU.ActiveCfg = Release|Any CPU
		{A6C324E1-6D80-4094-97B2-2356860E5C35}.Release|Any CPU.Build.0 = Release|Any CPU
		{9E1806F6-17E6-47A5-8914-01CAAB4C13C9}.Debug|Any CPU.ActiveCfg = Debug|Any CPU
		{9E1806F6-17E6-47A5-8914-01CAAB4C13C9}.Debug|Any CPU.Build.0 = Debug|Any CPU
		{9E1806F6-17E6-47A5-8914-01CAAB4C13C9}.Release|Any CPU.ActiveCfg = Release|Any CPU
		{9E1806F6-17E6-47A5-8914-01CAAB4C13C9}.Release|Any CPU.Build.0 = Release|Any CPU
		{F10E3727-B388-47C8-A5A9-7AFA73ACBBB8}.Debug|Any CPU.ActiveCfg = Debug|Any CPU
		{F10E3727-B388-47C8-A5A9-7AFA73ACBBB8}.Debug|Any CPU.Build.0 = Debug|Any CPU
		{F10E3727-B388-47C8-A5A9-7AFA73ACBBB8}.Release|Any CPU.ActiveCfg = Release|Any CPU
		{F10E3727-B388-47C8-A5A9-7AFA73ACBBB8}.Release|Any CPU.Build.0 = Release|Any CPU
		{47B46B9E-AFE0-4BC4-B52E-F2F9D75C68EE}.Debug|Any CPU.ActiveCfg = Debug|Any CPU
		{47B46B9E-AFE0-4BC4-B52E-F2F9D75C68EE}.Debug|Any CPU.Build.0 = Debug|Any CPU
		{47B46B9E-AFE0-4BC4-B52E-F2F9D75C68EE}.Release|Any CPU.ActiveCfg = Release|Any CPU
		{47B46B9E-AFE0-4BC4-B52E-F2F9D75C68EE}.Release|Any CPU.Build.0 = Release|Any CPU
		{11D0AB1C-6868-413D-8C8D-4272210F3F09}.Debug|Any CPU.ActiveCfg = Debug|Any CPU
		{11D0AB1C-6868-413D-8C8D-4272210F3F09}.Debug|Any CPU.Build.0 = Debug|Any CPU
		{11D0AB1C-6868-413D-8C8D-4272210F3F09}.Release|Any CPU.ActiveCfg = Release|Any CPU
		{11D0AB1C-6868-413D-8C8D-4272210F3F09}.Release|Any CPU.Build.0 = Release|Any CPU
		{6D42B12F-A7A9-4D39-9DD3-4C5CEDB5EAB5}.Debug|Any CPU.ActiveCfg = Debug|Any CPU
		{6D42B12F-A7A9-4D39-9DD3-4C5CEDB5EAB5}.Debug|Any CPU.Build.0 = Debug|Any CPU
		{6D42B12F-A7A9-4D39-9DD3-4C5CEDB5EAB5}.Release|Any CPU.ActiveCfg = Release|Any CPU
		{6D42B12F-A7A9-4D39-9DD3-4C5CEDB5EAB5}.Release|Any CPU.Build.0 = Release|Any CPU
		{5D75BCC6-4746-46C7-A362-11FDBFFCF4D4}.Debug|Any CPU.ActiveCfg = Debug|Any CPU
		{5D75BCC6-4746-46C7-A362-11FDBFFCF4D4}.Debug|Any CPU.Build.0 = Debug|Any CPU
		{5D75BCC6-4746-46C7-A362-11FDBFFCF4D4}.Release|Any CPU.ActiveCfg = Release|Any CPU
		{5D75BCC6-4746-46C7-A362-11FDBFFCF4D4}.Release|Any CPU.Build.0 = Release|Any CPU
		{0C0A61D9-C894-41E9-AFA6-CF46918B7D21}.Debug|Any CPU.ActiveCfg = Debug|Any CPU
		{0C0A61D9-C894-41E9-AFA6-CF46918B7D21}.Debug|Any CPU.Build.0 = Debug|Any CPU
		{0C0A61D9-C894-41E9-AFA6-CF46918B7D21}.Release|Any CPU.ActiveCfg = Release|Any CPU
		{0C0A61D9-C894-41E9-AFA6-CF46918B7D21}.Release|Any CPU.Build.0 = Release|Any CPU
		{2F46D585-0698-4479-8C1C-A43AA99BF8BF}.Debug|Any CPU.ActiveCfg = Debug|Any CPU
		{2F46D585-0698-4479-8C1C-A43AA99BF8BF}.Debug|Any CPU.Build.0 = Debug|Any CPU
		{2F46D585-0698-4479-8C1C-A43AA99BF8BF}.Release|Any CPU.ActiveCfg = Release|Any CPU
		{2F46D585-0698-4479-8C1C-A43AA99BF8BF}.Release|Any CPU.Build.0 = Release|Any CPU
		{5775FEC2-2100-44CD-9C95-0B8C77492584}.Debug|Any CPU.ActiveCfg = Debug|Any CPU
		{5775FEC2-2100-44CD-9C95-0B8C77492584}.Debug|Any CPU.Build.0 = Debug|Any CPU
		{5775FEC2-2100-44CD-9C95-0B8C77492584}.Release|Any CPU.ActiveCfg = Release|Any CPU
		{5775FEC2-2100-44CD-9C95-0B8C77492584}.Release|Any CPU.Build.0 = Release|Any CPU
		{F7AB078E-D979-4F1A-8AA3-EDEE37C8595F}.Debug|Any CPU.ActiveCfg = Debug|Any CPU
		{F7AB078E-D979-4F1A-8AA3-EDEE37C8595F}.Debug|Any CPU.Build.0 = Debug|Any CPU
		{F7AB078E-D979-4F1A-8AA3-EDEE37C8595F}.Release|Any CPU.ActiveCfg = Release|Any CPU
		{F7AB078E-D979-4F1A-8AA3-EDEE37C8595F}.Release|Any CPU.Build.0 = Release|Any CPU
		{683B37A5-839D-4F79-8679-05B905E2D1A8}.Debug|Any CPU.ActiveCfg = Debug|Any CPU
		{683B37A5-839D-4F79-8679-05B905E2D1A8}.Debug|Any CPU.Build.0 = Debug|Any CPU
		{683B37A5-839D-4F79-8679-05B905E2D1A8}.Release|Any CPU.ActiveCfg = Release|Any CPU
		{683B37A5-839D-4F79-8679-05B905E2D1A8}.Release|Any CPU.Build.0 = Release|Any CPU
		{17411451-8C02-4EE9-A578-2EDD75D4E577}.Debug|Any CPU.ActiveCfg = Debug|Any CPU
		{17411451-8C02-4EE9-A578-2EDD75D4E577}.Debug|Any CPU.Build.0 = Debug|Any CPU
		{17411451-8C02-4EE9-A578-2EDD75D4E577}.Release|Any CPU.ActiveCfg = Release|Any CPU
		{17411451-8C02-4EE9-A578-2EDD75D4E577}.Release|Any CPU.Build.0 = Release|Any CPU
		{5E5DACE2-BFF3-4CD8-ACF7-BC5AB1EAD000}.Debug|Any CPU.ActiveCfg = Debug|Any CPU
		{5E5DACE2-BFF3-4CD8-ACF7-BC5AB1EAD000}.Debug|Any CPU.Build.0 = Debug|Any CPU
		{5E5DACE2-BFF3-4CD8-ACF7-BC5AB1EAD000}.Release|Any CPU.ActiveCfg = Release|Any CPU
		{5E5DACE2-BFF3-4CD8-ACF7-BC5AB1EAD000}.Release|Any CPU.Build.0 = Release|Any CPU
		{CAE5DFF4-908C-42CA-8DC7-58582F4290BF}.Debug|Any CPU.ActiveCfg = Debug|Any CPU
		{CAE5DFF4-908C-42CA-8DC7-58582F4290BF}.Debug|Any CPU.Build.0 = Debug|Any CPU
		{CAE5DFF4-908C-42CA-8DC7-58582F4290BF}.Release|Any CPU.ActiveCfg = Release|Any CPU
		{CAE5DFF4-908C-42CA-8DC7-58582F4290BF}.Release|Any CPU.Build.0 = Release|Any CPU
		{97192BA6-F79F-41A4-9A5C-2D61E784AAC7}.Debug|Any CPU.ActiveCfg = Debug|Any CPU
		{97192BA6-F79F-41A4-9A5C-2D61E784AAC7}.Debug|Any CPU.Build.0 = Debug|Any CPU
		{97192BA6-F79F-41A4-9A5C-2D61E784AAC7}.Release|Any CPU.ActiveCfg = Release|Any CPU
		{97192BA6-F79F-41A4-9A5C-2D61E784AAC7}.Release|Any CPU.Build.0 = Release|Any CPU
		{73E024FA-0186-462D-B291-65099A10F40F}.Debug|Any CPU.ActiveCfg = Debug|Any CPU
		{73E024FA-0186-462D-B291-65099A10F40F}.Debug|Any CPU.Build.0 = Debug|Any CPU
		{73E024FA-0186-462D-B291-65099A10F40F}.Release|Any CPU.ActiveCfg = Release|Any CPU
		{73E024FA-0186-462D-B291-65099A10F40F}.Release|Any CPU.Build.0 = Release|Any CPU
		{B45B5FC8-D348-4C8A-8AC2-B3D54E58A71D}.Debug|Any CPU.ActiveCfg = Debug|Any CPU
		{B45B5FC8-D348-4C8A-8AC2-B3D54E58A71D}.Debug|Any CPU.Build.0 = Debug|Any CPU
		{B45B5FC8-D348-4C8A-8AC2-B3D54E58A71D}.Release|Any CPU.ActiveCfg = Release|Any CPU
		{B45B5FC8-D348-4C8A-8AC2-B3D54E58A71D}.Release|Any CPU.Build.0 = Release|Any CPU
		{885A5481-9D9F-4D5B-A215-231320E629BA}.Debug|Any CPU.ActiveCfg = Debug|Any CPU
		{885A5481-9D9F-4D5B-A215-231320E629BA}.Debug|Any CPU.Build.0 = Debug|Any CPU
		{885A5481-9D9F-4D5B-A215-231320E629BA}.Release|Any CPU.ActiveCfg = Release|Any CPU
		{885A5481-9D9F-4D5B-A215-231320E629BA}.Release|Any CPU.Build.0 = Release|Any CPU
		{7B7D7D81-BF38-49BA-8ED1-CBE629BD2D15}.Debug|Any CPU.ActiveCfg = Debug|Any CPU
		{7B7D7D81-BF38-49BA-8ED1-CBE629BD2D15}.Debug|Any CPU.Build.0 = Debug|Any CPU
		{7B7D7D81-BF38-49BA-8ED1-CBE629BD2D15}.Release|Any CPU.ActiveCfg = Release|Any CPU
		{7B7D7D81-BF38-49BA-8ED1-CBE629BD2D15}.Release|Any CPU.Build.0 = Release|Any CPU
		{6132DC4A-9ECD-4CD6-B93A-F4106346D76B}.Debug|Any CPU.ActiveCfg = Debug|Any CPU
		{6132DC4A-9ECD-4CD6-B93A-F4106346D76B}.Debug|Any CPU.Build.0 = Debug|Any CPU
		{6132DC4A-9ECD-4CD6-B93A-F4106346D76B}.Release|Any CPU.ActiveCfg = Release|Any CPU
		{6132DC4A-9ECD-4CD6-B93A-F4106346D76B}.Release|Any CPU.Build.0 = Release|Any CPU
		{3287D3D4-66DE-4D9A-A828-02CC2BFD9682}.Debug|Any CPU.ActiveCfg = Debug|Any CPU
		{3287D3D4-66DE-4D9A-A828-02CC2BFD9682}.Debug|Any CPU.Build.0 = Debug|Any CPU
		{3287D3D4-66DE-4D9A-A828-02CC2BFD9682}.Release|Any CPU.ActiveCfg = Release|Any CPU
		{3287D3D4-66DE-4D9A-A828-02CC2BFD9682}.Release|Any CPU.Build.0 = Release|Any CPU
		{8A234235-7179-4BB2-8916-4CB6BDF0B1C9}.Debug|Any CPU.ActiveCfg = Debug|Any CPU
		{8A234235-7179-4BB2-8916-4CB6BDF0B1C9}.Debug|Any CPU.Build.0 = Debug|Any CPU
		{8A234235-7179-4BB2-8916-4CB6BDF0B1C9}.Release|Any CPU.ActiveCfg = Release|Any CPU
		{8A234235-7179-4BB2-8916-4CB6BDF0B1C9}.Release|Any CPU.Build.0 = Release|Any CPU
		{B9E3AFEF-F072-4CFE-9DD3-552C230739EB}.Debug|Any CPU.ActiveCfg = Debug|Any CPU
		{B9E3AFEF-F072-4CFE-9DD3-552C230739EB}.Debug|Any CPU.Build.0 = Debug|Any CPU
		{B9E3AFEF-F072-4CFE-9DD3-552C230739EB}.Release|Any CPU.ActiveCfg = Release|Any CPU
		{B9E3AFEF-F072-4CFE-9DD3-552C230739EB}.Release|Any CPU.Build.0 = Release|Any CPU
		{AC8AFFA7-D2C9-4239-8B2C-107D9F72E580}.Debug|Any CPU.ActiveCfg = Debug|Any CPU
		{AC8AFFA7-D2C9-4239-8B2C-107D9F72E580}.Debug|Any CPU.Build.0 = Debug|Any CPU
		{AC8AFFA7-D2C9-4239-8B2C-107D9F72E580}.Release|Any CPU.ActiveCfg = Release|Any CPU
		{AC8AFFA7-D2C9-4239-8B2C-107D9F72E580}.Release|Any CPU.Build.0 = Release|Any CPU
		{C263CE72-9688-4BE2-BAA2-EBD2DFC7C638}.Debug|Any CPU.ActiveCfg = Debug|Any CPU
		{C263CE72-9688-4BE2-BAA2-EBD2DFC7C638}.Debug|Any CPU.Build.0 = Debug|Any CPU
		{C263CE72-9688-4BE2-BAA2-EBD2DFC7C638}.Release|Any CPU.ActiveCfg = Release|Any CPU
		{C263CE72-9688-4BE2-BAA2-EBD2DFC7C638}.Release|Any CPU.Build.0 = Release|Any CPU
		{15C572E8-3EFC-410A-8B78-0FDC45CFD47D}.Debug|Any CPU.ActiveCfg = Debug|Any CPU
		{15C572E8-3EFC-410A-8B78-0FDC45CFD47D}.Debug|Any CPU.Build.0 = Debug|Any CPU
		{15C572E8-3EFC-410A-8B78-0FDC45CFD47D}.Release|Any CPU.ActiveCfg = Release|Any CPU
		{15C572E8-3EFC-410A-8B78-0FDC45CFD47D}.Release|Any CPU.Build.0 = Release|Any CPU
		{C80C2A04-7C94-4A6A-81AD-08291D9AB441}.Debug|Any CPU.ActiveCfg = Debug|Any CPU
		{C80C2A04-7C94-4A6A-81AD-08291D9AB441}.Debug|Any CPU.Build.0 = Debug|Any CPU
		{C80C2A04-7C94-4A6A-81AD-08291D9AB441}.Release|Any CPU.ActiveCfg = Release|Any CPU
		{C80C2A04-7C94-4A6A-81AD-08291D9AB441}.Release|Any CPU.Build.0 = Release|Any CPU
		{0ACDCFB8-DF37-4C68-B5D3-83F92DE12C33}.Debug|Any CPU.ActiveCfg = Debug|Any CPU
		{0ACDCFB8-DF37-4C68-B5D3-83F92DE12C33}.Debug|Any CPU.Build.0 = Debug|Any CPU
		{0ACDCFB8-DF37-4C68-B5D3-83F92DE12C33}.Release|Any CPU.ActiveCfg = Release|Any CPU
		{0ACDCFB8-DF37-4C68-B5D3-83F92DE12C33}.Release|Any CPU.Build.0 = Release|Any CPU
		{BAA59FDC-4F03-4F66-BD59-C3B9D6DE3779}.Debug|Any CPU.ActiveCfg = Debug|Any CPU
		{BAA59FDC-4F03-4F66-BD59-C3B9D6DE3779}.Debug|Any CPU.Build.0 = Debug|Any CPU
		{BAA59FDC-4F03-4F66-BD59-C3B9D6DE3779}.Release|Any CPU.ActiveCfg = Release|Any CPU
		{BAA59FDC-4F03-4F66-BD59-C3B9D6DE3779}.Release|Any CPU.Build.0 = Release|Any CPU
		{4D4BAED7-A4AA-40B2-B6D1-67076B924EA0}.Debug|Any CPU.ActiveCfg = Debug|Any CPU
		{4D4BAED7-A4AA-40B2-B6D1-67076B924EA0}.Debug|Any CPU.Build.0 = Debug|Any CPU
		{4D4BAED7-A4AA-40B2-B6D1-67076B924EA0}.Release|Any CPU.ActiveCfg = Release|Any CPU
		{4D4BAED7-A4AA-40B2-B6D1-67076B924EA0}.Release|Any CPU.Build.0 = Release|Any CPU
	EndGlobalSection
	GlobalSection(SolutionProperties) = preSolution
		HideSolutionNode = FALSE
	EndGlobalSection
	GlobalSection(NestedProjects) = preSolution
		{A6C324E1-6D80-4094-97B2-2356860E5C35} = {CA024A85-61CD-4B4D-8FBD-850D98173DBC}
		{9E1806F6-17E6-47A5-8914-01CAAB4C13C9} = {CA024A85-61CD-4B4D-8FBD-850D98173DBC}
		{F10E3727-B388-47C8-A5A9-7AFA73ACBBB8} = {CA024A85-61CD-4B4D-8FBD-850D98173DBC}
		{47B46B9E-AFE0-4BC4-B52E-F2F9D75C68EE} = {CA024A85-61CD-4B4D-8FBD-850D98173DBC}
		{11D0AB1C-6868-413D-8C8D-4272210F3F09} = {CA024A85-61CD-4B4D-8FBD-850D98173DBC}
		{6D42B12F-A7A9-4D39-9DD3-4C5CEDB5EAB5} = {CA024A85-61CD-4B4D-8FBD-850D98173DBC}
		{6FA3A2E2-ADEA-4E0C-8F30-C4732B99EF8F} = {CB3D421C-797F-400E-BF1E-713D7646A547}
		{17315514-86D3-4967-AB3C-17AC87523D81} = {CB3D421C-797F-400E-BF1E-713D7646A547}
		{D2933E3E-87AF-432C-A8C3-D7A72D3D9538} = {CB3D421C-797F-400E-BF1E-713D7646A547}
		{09BE6205-4A1D-4F96-926C-6AA685B2F693} = {CB3D421C-797F-400E-BF1E-713D7646A547}
		{5D75BCC6-4746-46C7-A362-11FDBFFCF4D4} = {CA024A85-61CD-4B4D-8FBD-850D98173DBC}
		{0C0A61D9-C894-41E9-AFA6-CF46918B7D21} = {CA024A85-61CD-4B4D-8FBD-850D98173DBC}
		{2F46D585-0698-4479-8C1C-A43AA99BF8BF} = {CA024A85-61CD-4B4D-8FBD-850D98173DBC}
		{5775FEC2-2100-44CD-9C95-0B8C77492584} = {17315514-86D3-4967-AB3C-17AC87523D81}
		{F7AB078E-D979-4F1A-8AA3-EDEE37C8595F} = {17315514-86D3-4967-AB3C-17AC87523D81}
		{683B37A5-839D-4F79-8679-05B905E2D1A8} = {17315514-86D3-4967-AB3C-17AC87523D81}
		{17411451-8C02-4EE9-A578-2EDD75D4E577} = {17315514-86D3-4967-AB3C-17AC87523D81}
		{5E5DACE2-BFF3-4CD8-ACF7-BC5AB1EAD000} = {17315514-86D3-4967-AB3C-17AC87523D81}
		{CAE5DFF4-908C-42CA-8DC7-58582F4290BF} = {17315514-86D3-4967-AB3C-17AC87523D81}
		{97192BA6-F79F-41A4-9A5C-2D61E784AAC7} = {6FA3A2E2-ADEA-4E0C-8F30-C4732B99EF8F}
		{73E024FA-0186-462D-B291-65099A10F40F} = {D2933E3E-87AF-432C-A8C3-D7A72D3D9538}
		{B45B5FC8-D348-4C8A-8AC2-B3D54E58A71D} = {6FA3A2E2-ADEA-4E0C-8F30-C4732B99EF8F}
		{885A5481-9D9F-4D5B-A215-231320E629BA} = {6FA3A2E2-ADEA-4E0C-8F30-C4732B99EF8F}
		{7B7D7D81-BF38-49BA-8ED1-CBE629BD2D15} = {D2933E3E-87AF-432C-A8C3-D7A72D3D9538}
		{6132DC4A-9ECD-4CD6-B93A-F4106346D76B} = {D2933E3E-87AF-432C-A8C3-D7A72D3D9538}
		{3287D3D4-66DE-4D9A-A828-02CC2BFD9682} = {D2933E3E-87AF-432C-A8C3-D7A72D3D9538}
		{8A234235-7179-4BB2-8916-4CB6BDF0B1C9} = {D2933E3E-87AF-432C-A8C3-D7A72D3D9538}
		{B9E3AFEF-F072-4CFE-9DD3-552C230739EB} = {D2933E3E-87AF-432C-A8C3-D7A72D3D9538}
		{AC8AFFA7-D2C9-4239-8B2C-107D9F72E580} = {D2933E3E-87AF-432C-A8C3-D7A72D3D9538}
		{C263CE72-9688-4BE2-BAA2-EBD2DFC7C638} = {D2933E3E-87AF-432C-A8C3-D7A72D3D9538}
		{ED2B7EAE-9F3D-45CB-932A-9F75895062E5} = {09BE6205-4A1D-4F96-926C-6AA685B2F693}
		{E2AB0109-23CC-4DE8-A972-D3C53D295A96} = {09BE6205-4A1D-4F96-926C-6AA685B2F693}
		{15C572E8-3EFC-410A-8B78-0FDC45CFD47D} = {ED2B7EAE-9F3D-45CB-932A-9F75895062E5}
		{C80C2A04-7C94-4A6A-81AD-08291D9AB441} = {ED2B7EAE-9F3D-45CB-932A-9F75895062E5}
		{0ACDCFB8-DF37-4C68-B5D3-83F92DE12C33} = {E2AB0109-23CC-4DE8-A972-D3C53D295A96}
		{BAA59FDC-4F03-4F66-BD59-C3B9D6DE3779} = {6FA3A2E2-ADEA-4E0C-8F30-C4732B99EF8F}
		{4D4BAED7-A4AA-40B2-B6D1-67076B924EA0} = {CA024A85-61CD-4B4D-8FBD-850D98173DBC}
	EndGlobalSection
	GlobalSection(ExtensibilityGlobals) = postSolution
		SolutionGuid = {9599EFE6-02BB-4FFA-9003-F76130B9C83D}
	EndGlobalSection
EndGlobal
